{
  "name": "ap-factory",
  "version": "1.0.0",
  "lockfileVersion": 1,
  "requires": true,
  "dependencies": {
    "ap-err": {
      "version": "1.0.0",
      "resolved": "https://registry.npmjs.org/ap-err/-/ap-err-1.0.0.tgz",
      "integrity": "sha512-92FLa1k0PG+x8b2ZqvgDR5jTSjZScXPWJPH9HHE8sa2BZkD4+HawJ6BymVrfM1OnFyQlVVKiRq7kX0wp9B6wOQ=="
    },
    "ap-ez": {
      "version": "1.0.0",
      "resolved": "https://registry.npmjs.org/ap-ez/-/ap-ez-1.0.0.tgz",
      "integrity": "sha512-wHSIiuSBBRcXgbit5c5ixhti1chtC/Hi7h1BxuAQXXsRuaFLrBFyytawgMUnWdxC29xi/5gCLsLZfSK+32JrpQ=="
    },
    "catch-thread": {
      "version": "1.0.0",
      "resolved": "https://registry.npmjs.org/catch-thread/-/catch-thread-1.0.0.tgz",
      "integrity": "sha512-3WzZV7oSGqR/6owwnTPgE30Im/oLEofQcWZ4FWw2myF9N/Z9ZGUc1QFXxsteMPdZ4fnvfGiRkNsdr9UhoTOeyA=="
    }
  }
}
